// !$*UTF8*$!
{
	archiveVersion = 1;
	classes = {
	};
	objectVersion = 48;
	objects = {

/* Begin PBXBuildFile section */
		5895A7D083521FBE738FC2AB /* Pods_TouristHelper.framework in Frameworks */ = {isa = PBXBuildFile; fileRef = B45748312851FE506FDB3BA5 /* Pods_TouristHelper.framework */; };
		F0A75DE22016A27D00AB539E /* AppDelegate.swift in Sources */ = {isa = PBXBuildFile; fileRef = F0A75DE12016A27D00AB539E /* AppDelegate.swift */; };
		F0A75DE42016A27D00AB539E /* ViewController.swift in Sources */ = {isa = PBXBuildFile; fileRef = F0A75DE32016A27D00AB539E /* ViewController.swift */; };
		F0A75DE72016A27D00AB539E /* Main.storyboard in Resources */ = {isa = PBXBuildFile; fileRef = F0A75DE52016A27D00AB539E /* Main.storyboard */; };
		F0A75DE92016A27D00AB539E /* Assets.xcassets in Resources */ = {isa = PBXBuildFile; fileRef = F0A75DE82016A27D00AB539E /* Assets.xcassets */; };
		F0A75DEC2016A27D00AB539E /* LaunchScreen.storyboard in Resources */ = {isa = PBXBuildFile; fileRef = F0A75DEA2016A27D00AB539E /* LaunchScreen.storyboard */; };
		F0A75DF42016AAD000AB539E /* DescriptionViewController.swift in Sources */ = {isa = PBXBuildFile; fileRef = F0A75DF32016AAD000AB539E /* DescriptionViewController.swift */; };
		F0A75DF62016AAE000AB539E /* MapViewController.swift in Sources */ = {isa = PBXBuildFile; fileRef = F0A75DF52016AAE000AB539E /* MapViewController.swift */; };
		F0A75DF82016AAEC00AB539E /* TransportViewController.swift in Sources */ = {isa = PBXBuildFile; fileRef = F0A75DF72016AAEC00AB539E /* TransportViewController.swift */; };
		F0A75DFA2016B03A00AB539E /* LocationModel.swift in Sources */ = {isa = PBXBuildFile; fileRef = F0A75DF92016B03A00AB539E /* LocationModel.swift */; };
		F0A75DFC2016B89600AB539E /* LocationController.swift in Sources */ = {isa = PBXBuildFile; fileRef = F0A75DFB2016B89600AB539E /* LocationController.swift */; };
		F0A75DFE201749AB00AB539E /* LocationStore.swift in Sources */ = {isa = PBXBuildFile; fileRef = F0A75DFD201749AB00AB539E /* LocationStore.swift */; };
/* End PBXBuildFile section */

/* Begin PBXFileReference section */
		901C1A9038A31B5A67EA8E58 /* Pods-TouristHelper.debug.xcconfig */ = {isa = PBXFileReference; includeInIndex = 1; lastKnownFileType = text.xcconfig; name = "Pods-TouristHelper.debug.xcconfig"; path = "Pods/Target Support Files/Pods-TouristHelper/Pods-TouristHelper.debug.xcconfig"; sourceTree = "<group>"; };
		B45748312851FE506FDB3BA5 /* Pods_TouristHelper.framework */ = {isa = PBXFileReference; explicitFileType = wrapper.framework; includeInIndex = 0; path = Pods_TouristHelper.framework; sourceTree = BUILT_PRODUCTS_DIR; };
		F0A75DDE2016A27D00AB539E /* TouristHelper.app */ = {isa = PBXFileReference; explicitFileType = wrapper.application; includeInIndex = 0; path = TouristHelper.app; sourceTree = BUILT_PRODUCTS_DIR; };
		F0A75DE12016A27D00AB539E /* AppDelegate.swift */ = {isa = PBXFileReference; lastKnownFileType = sourcecode.swift; path = AppDelegate.swift; sourceTree = "<group>"; };
		F0A75DE32016A27D00AB539E /* ViewController.swift */ = {isa = PBXFileReference; lastKnownFileType = sourcecode.swift; path = ViewController.swift; sourceTree = "<group>"; };
		F0A75DE62016A27D00AB539E /* Base */ = {isa = PBXFileReference; lastKnownFileType = file.storyboard; name = Base; path = Base.lproj/Main.storyboard; sourceTree = "<group>"; };
		F0A75DE82016A27D00AB539E /* Assets.xcassets */ = {isa = PBXFileReference; lastKnownFileType = folder.assetcatalog; path = Assets.xcassets; sourceTree = "<group>"; };
		F0A75DEB2016A27D00AB539E /* Base */ = {isa = PBXFileReference; lastKnownFileType = file.storyboard; name = Base; path = Base.lproj/LaunchScreen.storyboard; sourceTree = "<group>"; };
		F0A75DED2016A27D00AB539E /* Info.plist */ = {isa = PBXFileReference; lastKnownFileType = text.plist.xml; path = Info.plist; sourceTree = "<group>"; };
		F0A75DF32016AAD000AB539E /* DescriptionViewController.swift */ = {isa = PBXFileReference; lastKnownFileType = sourcecode.swift; path = DescriptionViewController.swift; sourceTree = "<group>"; };
		F0A75DF52016AAE000AB539E /* MapViewController.swift */ = {isa = PBXFileReference; lastKnownFileType = sourcecode.swift; path = MapViewController.swift; sourceTree = "<group>"; };
		F0A75DF72016AAEC00AB539E /* TransportViewController.swift */ = {isa = PBXFileReference; lastKnownFileType = sourcecode.swift; path = TransportViewController.swift; sourceTree = "<group>"; };
		F0A75DF92016B03A00AB539E /* LocationModel.swift */ = {isa = PBXFileReference; lastKnownFileType = sourcecode.swift; path = LocationModel.swift; sourceTree = "<group>"; };
		F0A75DFB2016B89600AB539E /* LocationController.swift */ = {isa = PBXFileReference; lastKnownFileType = sourcecode.swift; path = LocationController.swift; sourceTree = "<group>"; };
		F0A75DFD201749AB00AB539E /* LocationStore.swift */ = {isa = PBXFileReference; lastKnownFileType = sourcecode.swift; path = LocationStore.swift; sourceTree = "<group>"; };
		FD5D72010890104C0E7AB293 /* Pods-TouristHelper.release.xcconfig */ = {isa = PBXFileReference; includeInIndex = 1; lastKnownFileType = text.xcconfig; name = "Pods-TouristHelper.release.xcconfig"; path = "Pods/Target Support Files/Pods-TouristHelper/Pods-TouristHelper.release.xcconfig"; sourceTree = "<group>"; };
/* End PBXFileReference section */

/* Begin PBXFrameworksBuildPhase section */
		F0A75DDB2016A27D00AB539E /* Frameworks */ = {
			isa = PBXFrameworksBuildPhase;
			buildActionMask = 2147483647;
			files = (
				5895A7D083521FBE738FC2AB /* Pods_TouristHelper.framework in Frameworks */,
			);
			runOnlyForDeploymentPostprocessing = 0;
		};
/* End PBXFrameworksBuildPhase section */

/* Begin PBXGroup section */
		0134B5F683A9903DA387E5AE /* Pods */ = {
			isa = PBXGroup;
			children = (
				901C1A9038A31B5A67EA8E58 /* Pods-TouristHelper.debug.xcconfig */,
				FD5D72010890104C0E7AB293 /* Pods-TouristHelper.release.xcconfig */,
			);
			name = Pods;
			sourceTree = "<group>";
		};
		26B8B07F7C8A42227EC46C5C /* Frameworks */ = {
			isa = PBXGroup;
			children = (
				B45748312851FE506FDB3BA5 /* Pods_TouristHelper.framework */,
			);
			name = Frameworks;
			sourceTree = "<group>";
		};
		F0A75DD52016A27D00AB539E = {
			isa = PBXGroup;
			children = (
				F0A75DE02016A27D00AB539E /* TouristHelper */,
				F0A75DDF2016A27D00AB539E /* Products */,
				0134B5F683A9903DA387E5AE /* Pods */,
				26B8B07F7C8A42227EC46C5C /* Frameworks */,
			);
			sourceTree = "<group>";
		};
		F0A75DDF2016A27D00AB539E /* Products */ = {
			isa = PBXGroup;
			children = (
				F0A75DDE2016A27D00AB539E /* TouristHelper.app */,
			);
			name = Products;
			sourceTree = "<group>";
		};
		F0A75DE02016A27D00AB539E /* TouristHelper */ = {
			isa = PBXGroup;
			children = (
				F0A75DE12016A27D00AB539E /* AppDelegate.swift */,
				F0A75DE32016A27D00AB539E /* ViewController.swift */,
				F0A75DF32016AAD000AB539E /* DescriptionViewController.swift */,
				F0A75DF52016AAE000AB539E /* MapViewController.swift */,
				F0A75DF72016AAEC00AB539E /* TransportViewController.swift */,
				F0A75DFD201749AB00AB539E /* LocationStore.swift */,
				F0A75DFB2016B89600AB539E /* LocationController.swift */,
				F0A75DF92016B03A00AB539E /* LocationModel.swift */,
				F0A75DE52016A27D00AB539E /* Main.storyboard */,
				F0A75DE82016A27D00AB539E /* Assets.xcassets */,
				F0A75DEA2016A27D00AB539E /* LaunchScreen.storyboard */,
				F0A75DED2016A27D00AB539E /* Info.plist */,
			);
			path = TouristHelper;
			sourceTree = "<group>";
		};
/* End PBXGroup section */

/* Begin PBXNativeTarget section */
		F0A75DDD2016A27D00AB539E /* TouristHelper */ = {
			isa = PBXNativeTarget;
			buildConfigurationList = F0A75DF02016A27D00AB539E /* Build configuration list for PBXNativeTarget "TouristHelper" */;
			buildPhases = (
				B7960594720A8B7D9534E192 /* [CP] Check Pods Manifest.lock */,
				F0A75DDA2016A27D00AB539E /* Sources */,
				F0A75DDB2016A27D00AB539E /* Frameworks */,
				F0A75DDC2016A27D00AB539E /* Resources */,
				91B8A2DB19944ABA087D9C0A /* [CP] Embed Pods Frameworks */,
				8D51FF79D0C98AB12973F465 /* [CP] Copy Pods Resources */,
			);
			buildRules = (
			);
			dependencies = (
			);
			name = TouristHelper;
			productName = TouristHelper;
			productReference = F0A75DDE2016A27D00AB539E /* TouristHelper.app */;
			productType = "com.apple.product-type.application";
		};
/* End PBXNativeTarget section */

/* Begin PBXProject section */
		F0A75DD62016A27D00AB539E /* Project object */ = {
			isa = PBXProject;
			attributes = {
				LastSwiftUpdateCheck = 0920;
				LastUpgradeCheck = 0920;
				ORGANIZATIONNAME = "Stephen OHara";
				TargetAttributes = {
					F0A75DDD2016A27D00AB539E = {
						CreatedOnToolsVersion = 9.2;
						ProvisioningStyle = Automatic;
					};
				};
			};
			buildConfigurationList = F0A75DD92016A27D00AB539E /* Build configuration list for PBXProject "TouristHelper" */;
			compatibilityVersion = "Xcode 8.0";
			developmentRegion = en;
			hasScannedForEncodings = 0;
			knownRegions = (
				en,
				Base,
			);
			mainGroup = F0A75DD52016A27D00AB539E;
			productRefGroup = F0A75DDF2016A27D00AB539E /* Products */;
			projectDirPath = "";
			projectRoot = "";
			targets = (
				F0A75DDD2016A27D00AB539E /* TouristHelper */,
			);
		};
/* End PBXProject section */

/* Begin PBXResourcesBuildPhase section */
		F0A75DDC2016A27D00AB539E /* Resources */ = {
			isa = PBXResourcesBuildPhase;
			buildActionMask = 2147483647;
			files = (
				F0A75DEC2016A27D00AB539E /* LaunchScreen.storyboard in Resources */,
				F0A75DE92016A27D00AB539E /* Assets.xcassets in Resources */,
				F0A75DE72016A27D00AB539E /* Main.storyboard in Resources */,
			);
			runOnlyForDeploymentPostprocessing = 0;
		};
/* End PBXResourcesBuildPhase section */

/* Begin PBXShellScriptBuildPhase section */
		8D51FF79D0C98AB12973F465 /* [CP] Copy Pods Resources */ = {
			isa = PBXShellScriptBuildPhase;
			buildActionMask = 2147483647;
			files = (
			);
			inputPaths = (
			);
			name = "[CP] Copy Pods Resources";
			outputPaths = (
			);
			runOnlyForDeploymentPostprocessing = 0;
			shellPath = /bin/sh;
			shellScript = "\"${SRCROOT}/Pods/Target Support Files/Pods-TouristHelper/Pods-TouristHelper-resources.sh\"\n";
			showEnvVarsInLog = 0;
		};
		91B8A2DB19944ABA087D9C0A /* [CP] Embed Pods Frameworks */ = {
			isa = PBXShellScriptBuildPhase;
			buildActionMask = 2147483647;
			files = (
			);
			inputPaths = (
			);
			name = "[CP] Embed Pods Frameworks";
			outputPaths = (
			);
			runOnlyForDeploymentPostprocessing = 0;
			shellPath = /bin/sh;
			shellScript = "\"${SRCROOT}/Pods/Target Support Files/Pods-TouristHelper/Pods-TouristHelper-frameworks.sh\"\n";
			showEnvVarsInLog = 0;
		};
		B7960594720A8B7D9534E192 /* [CP] Check Pods Manifest.lock */ = {
			isa = PBXShellScriptBuildPhase;
			buildActionMask = 2147483647;
			files = (
			);
			inputPaths = (
			);
			name = "[CP] Check Pods Manifest.lock";
			outputPaths = (
			);
			runOnlyForDeploymentPostprocessing = 0;
			shellPath = /bin/sh;
			shellScript = "diff \"${PODS_ROOT}/../Podfile.lock\" \"${PODS_ROOT}/Manifest.lock\" > /dev/null\nif [ $? != 0 ] ; then\n    # print error to STDERR\n    echo \"error: The sandbox is not in sync with the Podfile.lock. Run 'pod install' or update your CocoaPods installation.\" >&2\n    exit 1\nfi\n";
			showEnvVarsInLog = 0;
		};
/* End PBXShellScriptBuildPhase section */

/* Begin PBXSourcesBuildPhase section */
		F0A75DDA2016A27D00AB539E /* Sources */ = {
			isa = PBXSourcesBuildPhase;
			buildActionMask = 2147483647;
			files = (
				F0A75DF42016AAD000AB539E /* DescriptionViewController.swift in Sources */,
				F0A75DF82016AAEC00AB539E /* TransportViewController.swift in Sources */,
				F0A75DE42016A27D00AB539E /* ViewController.swift in Sources */,
				F0A75DE22016A27D00AB539E /* AppDelegate.swift in Sources */,
				F0A75DFE201749AB00AB539E /* LocationStore.swift in Sources */,
				F0A75DFA2016B03A00AB539E /* LocationModel.swift in Sources */,
				F0A75DF62016AAE000AB539E /* MapViewController.swift in Sources */,
				F0A75DFC2016B89600AB539E /* LocationController.swift in Sources */,
			);
			runOnlyForDeploymentPostprocessing = 0;
		};
/* End PBXSourcesBuildPhase section */

/* Begin PBXVariantGroup section */
		F0A75DE52016A27D00AB539E /* Main.storyboard */ = {
			isa = PBXVariantGroup;
			children = (
				F0A75DE62016A27D00AB539E /* Base */,
			);
			name = Main.storyboard;
			sourceTree = "<group>";
		};
		F0A75DEA2016A27D00AB539E /* LaunchScreen.storyboard */ = {
			isa = PBXVariantGroup;
			children = (
				F0A75DEB2016A27D00AB539E /* Base */,
			);
			name = LaunchScreen.storyboard;
			sourceTree = "<group>";
		};
/* End PBXVariantGroup section */

/* Begin XCBuildConfiguration section */
		F0A75DEE2016A27D00AB539E /* Debug */ = {
			isa = XCBuildConfiguration;
			buildSettings = {
				ALWAYS_SEARCH_USER_PATHS = NO;
				CLANG_ANALYZER_NONNULL = YES;
				CLANG_ANALYZER_NUMBER_OBJECT_CONVERSION = YES_AGGRESSIVE;
				CLANG_CXX_LANGUAGE_STANDARD = "gnu++14";
				CLANG_CXX_LIBRARY = "libc++";
				CLANG_ENABLE_MODULES = YES;
				CLANG_ENABLE_OBJC_ARC = YES;
				CLANG_WARN_BLOCK_CAPTURE_AUTORELEASING = YES;
				CLANG_WARN_BOOL_CONVERSION = YES;
				CLANG_WARN_COMMA = YES;
				CLANG_WARN_CONSTANT_CONVERSION = YES;
				CLANG_WARN_DIRECT_OBJC_ISA_USAGE = YES_ERROR;
				CLANG_WARN_DOCUMENTATION_COMMENTS = YES;
				CLANG_WARN_EMPTY_BODY = YES;
				CLANG_WARN_ENUM_CONVERSION = YES;
				CLANG_WARN_INFINITE_RECURSION = YES;
				CLANG_WARN_INT_CONVERSION = YES;
				CLANG_WARN_NON_LITERAL_NULL_CONVERSION = YES;
				CLANG_WARN_OBJC_LITERAL_CONVERSION = YES;
				CLANG_WARN_OBJC_ROOT_CLASS = YES_ERROR;
				CLANG_WARN_RANGE_LOOP_ANALYSIS = YES;
				CLANG_WARN_STRICT_PROTOTYPES = YES;
				CLANG_WARN_SUSPICIOUS_MOVE = YES;
				CLANG_WARN_UNGUARDED_AVAILABILITY = YES_AGGRESSIVE;
				CLANG_WARN_UNREACHABLE_CODE = YES;
				CLANG_WARN__DUPLICATE_METHOD_MATCH = YES;
				CODE_SIGN_IDENTITY = "iPhone Developer";
				COPY_PHASE_STRIP = NO;
				DEBUG_INFORMATION_FORMAT = dwarf;
				ENABLE_STRICT_OBJC_MSGSEND = YES;
				ENABLE_TESTABILITY = YES;
				GCC_C_LANGUAGE_STANDARD = gnu11;
				GCC_DYNAMIC_NO_PIC = NO;
				GCC_NO_COMMON_BLOCKS = YES;
				GCC_OPTIMIZATION_LEVEL = 0;
				GCC_PREPROCESSOR_DEFINITIONS = (
					"DEBUG=1",
					"$(inherited)",
				);
				GCC_WARN_64_TO_32_BIT_CONVERSION = YES;
				GCC_WARN_ABOUT_RETURN_TYPE = YES_ERROR;
				GCC_WARN_UNDECLARED_SELECTOR = YES;
				GCC_WARN_UNINITIALIZED_AUTOS = YES_AGGRESSIVE;
				GCC_WARN_UNUSED_FUNCTION = YES;
				GCC_WARN_UNUSED_VARIABLE = YES;
				IPHONEOS_DEPLOYMENT_TARGET = 11.2;
				MTL_ENABLE_DEBUG_INFO = YES;
				ONLY_ACTIVE_ARCH = YES;
				SDKROOT = iphoneos;
				SWIFT_ACTIVE_COMPILATION_CONDITIONS = DEBUG;
				SWIFT_OPTIMIZATION_LEVEL = "-Onone";
			};
			name = Debug;
		};
		F0A75DEF2016A27D00AB539E /* Release */ = {
			isa = XCBuildConfiguration;
			buildSettings = {
				ALWAYS_SEARCH_USER_PATHS = NO;
				CLANG_ANALYZER_NONNULL = YES;
				CLANG_ANALYZER_NUMBER_OBJECT_CONVERSION = YES_AGGRESSIVE;
				CLANG_CXX_LANGUAGE_STANDARD = "gnu++14";
				CLANG_CXX_LIBRARY = "libc++";
				CLANG_ENABLE_MODULES = YES;
				CLANG_ENABLE_OBJC_ARC = YES;
				CLANG_WARN_BLOCK_CAPTURE_AUTORELEASING = YES;
				CLANG_WARN_BOOL_CONVERSION = YES;
				CLANG_WARN_COMMA = YES;
				CLANG_WARN_CONSTANT_CONVERSION = YES;
				CLANG_WARN_DIRECT_OBJC_ISA_USAGE = YES_ERROR;
				CLANG_WARN_DOCUMENTATION_COMMENTS = YES;
				CLANG_WARN_EMPTY_BODY = YES;
				CLANG_WARN_ENUM_CONVERSION = YES;
				CLANG_WARN_INFINITE_RECURSION = YES;
				CLANG_WARN_INT_CONVERSION = YES;
				CLANG_WARN_NON_LITERAL_NULL_CONVERSION = YES;
				CLANG_WARN_OBJC_LITERAL_CONVERSION = YES;
				CLANG_WARN_OBJC_ROOT_CLASS = YES_ERROR;
				CLANG_WARN_RANGE_LOOP_ANALYSIS = YES;
				CLANG_WARN_STRICT_PROTOTYPES = YES;
				CLANG_WARN_SUSPICIOUS_MOVE = YES;
				CLANG_WARN_UNGUARDED_AVAILABILITY = YES_AGGRESSIVE;
				CLANG_WARN_UNREACHABLE_CODE = YES;
				CLANG_WARN__DUPLICATE_METHOD_MATCH = YES;
				CODE_SIGN_IDENTITY = "iPhone Developer";
				COPY_PHASE_STRIP = NO;
				DEBUG_INFORMATION_FORMAT = "dwarf-with-dsym";
				ENABLE_NS_ASSERTIONS = NO;
				ENABLE_STRICT_OBJC_MSGSEND = YES;
				GCC_C_LANGUAGE_STANDARD = gnu11;
				GCC_NO_COMMON_BLOCKS = YES;
				GCC_WARN_64_TO_32_BIT_CONVERSION = YES;
				GCC_WARN_ABOUT_RETURN_TYPE = YES_ERROR;
				GCC_WARN_UNDECLARED_SELECTOR = YES;
				GCC_WARN_UNINITIALIZED_AUTOS = YES_AGGRESSIVE;
				GCC_WARN_UNUSED_FUNCTION = YES;
				GCC_WARN_UNUSED_VARIABLE = YES;
				IPHONEOS_DEPLOYMENT_TARGET = 11.2;
				MTL_ENABLE_DEBUG_INFO = NO;
				SDKROOT = iphoneos;
				SWIFT_OPTIMIZATION_LEVEL = "-Owholemodule";
				VALIDATE_PRODUCT = YES;
			};
			name = Release;
		};
		F0A75DF12016A27D00AB539E /* Debug */ = {
			isa = XCBuildConfiguration;
			baseConfigurationReference = 901C1A9038A31B5A67EA8E58 /* Pods-TouristHelper.debug.xcconfig */;
			buildSettings = {
				ASSETCATALOG_COMPILER_APPICON_NAME = AppIcon;
				CODE_SIGN_STYLE = Automatic;
				DEVELOPMENT_TEAM = G9C3VREPPJ;
				INFOPLIST_FILE = TouristHelper/Info.plist;
				IPHONEOS_DEPLOYMENT_TARGET = 10.3;
				LD_RUNPATH_SEARCH_PATHS = "$(inherited) @executable_path/Frameworks";
				PRODUCT_BUNDLE_IDENTIFIER = com.sohla.TouristHelper;
				PRODUCT_NAME = "$(TARGET_NAME)";
				SWIFT_VERSION = 4.0;
				TARGETED_DEVICE_FAMILY = "1,2";
			};
			name = Debug;
		};
		F0A75DF22016A27D00AB539E /* Release */ = {
			isa = XCBuildConfiguration;
			baseConfigurationReference = FD5D72010890104C0E7AB293 /* Pods-TouristHelper.release.xcconfig */;
			buildSettings = {
				ASSETCATALOG_COMPILER_APPICON_NAME = AppIcon;
				CODE_SIGN_STYLE = Automatic;
				DEVELOPMENT_TEAM = G9C3VREPPJ;
				INFOPLIST_FILE = TouristHelper/Info.plist;
				IPHONEOS_DEPLOYMENT_TARGET = 10.3;
				LD_RUNPATH_SEARCH_PATHS = "$(inherited) @executable_path/Frameworks";
				PRODUCT_BUNDLE_IDENTIFIER = com.sohla.TouristHelper;
				PRODUCT_NAME = "$(TARGET_NAME)";
				SWIFT_VERSION = 4.0;
				TARGETED_DEVICE_FAMILY = "1,2";
			};
			name = Release;
		};
/* End XCBuildConfiguration section */

/* Begin XCConfigurationList section */
		F0A75DD92016A27D00AB539E /* Build configuration list for PBXProject "TouristHelper" */ = {
			isa = XCConfigurationList;
			buildConfigurations = (
				F0A75DEE2016A27D00AB539E /* Debug */,
				F0A75DEF2016A27D00AB539E /* Release */,
			);
			defaultConfigurationIsVisible = 0;
			defaultConfigurationName = Release;
		};
		F0A75DF02016A27D00AB539E /* Build configuration list for PBXNativeTarget "TouristHelper" */ = {
			isa = XCConfigurationList;
			buildConfigurations = (
				F0A75DF12016A27D00AB539E /* Debug */,
				F0A75DF22016A27D00AB539E /* Release */,
			);
			defaultConfigurationIsVisible = 0;
			defaultConfigurationName = Release;
		};
/* End XCConfigurationList section */
	};
	rootObject = F0A75DD62016A27D00AB539E /* Project object */;
}
